
Microsoft Visual Studio Solution File, Format Version 12.00
# Visual Studio Version 17
VisualStudioVersion = 17.8.34511.84
MinimumVisualStudioVersion = 10.0.40219.1
Project("{9A19103F-16F7-4668-BE54-9A1E7A4F7556}") = "Todos.API", "Todos.API\Todos.API.csproj", "{A81EC933-B44A-46FD-9E6C-DBA61E8821DB}"
EndProject
Project("{9A19103F-16F7-4668-BE54-9A1E7A4F7556}") = "Users.API", "Users.API\Users.API.csproj", "{F6B592F2-8476-46C9-A9DE-B3C4E34C6DB4}"
EndProject
Project("{9A19103F-16F7-4668-BE54-9A1E7A4F7556}") = "Common.Persistence", "Common.Persistence\Common.Persistence.csproj", "{735644E7-EE26-42F4-929B-289B669E225F}"
EndProject
Project("{9A19103F-16F7-4668-BE54-9A1E7A4F7556}") = "Common.Domain", "Common.Domain\Common.Domain.csproj", "{0D763CE0-CD45-4A69-9208-4FC1488AAB2D}"
EndProject
Project("{9A19103F-16F7-4668-BE54-9A1E7A4F7556}") = "Common.Api", "Common.Api\Common.Api.csproj", "{46310B6A-0C47-49D9-9D52-E38F08CE5074}"
EndProject
Project("{9A19103F-16F7-4668-BE54-9A1E7A4F7556}") = "Auth.Api", "Auth.Api\Auth.Api.csproj", "{3084D9DC-8C18-4818-A48E-EB4CB3BED396}"
EndProject
Project("{9A19103F-16F7-4668-BE54-9A1E7A4F7556}") = "Common.Application", "Common.Application\Common.Application.csproj", "{DCD66737-C45C-4516-AA0F-3CF779C444B5}"
EndProject
Project("{9A19103F-16F7-4668-BE54-9A1E7A4F7556}") = "Users.Application", "Users.Application\Users.Application.csproj", "{D5B06ABB-8F6B-4D67-A277-3FF6CAD5B55D}"
EndProject
Project("{9A19103F-16F7-4668-BE54-9A1E7A4F7556}") = "Todos.Application", "Todos.Application\Todos.Application.csproj", "{815912DB-41CD-497D-B8C1-EEC8189E5D45}"
EndProject
Project("{9A19103F-16F7-4668-BE54-9A1E7A4F7556}") = "Auth.Application", "Auth.Application\Auth.Application.csproj", "{B9065FFA-EEBC-47E5-A8C7-D0A19A01A610}"
EndProject
Global
	GlobalSection(SolutionConfigurationPlatforms) = preSolution
		Debug|Any CPU = Debug|Any CPU
		Release|Any CPU = Release|Any CPU
	EndGlobalSection
	GlobalSection(ProjectConfigurationPlatforms) = postSolution
		{A81EC933-B44A-46FD-9E6C-DBA61E8821DB}.Debug|Any CPU.ActiveCfg = Debug|Any CPU
		{A81EC933-B44A-46FD-9E6C-DBA61E8821DB}.Debug|Any CPU.Build.0 = Debug|Any CPU
		{A81EC933-B44A-46FD-9E6C-DBA61E8821DB}.Release|Any CPU.ActiveCfg = Release|Any CPU
		{A81EC933-B44A-46FD-9E6C-DBA61E8821DB}.Release|Any CPU.Build.0 = Release|Any CPU
		{F6B592F2-8476-46C9-A9DE-B3C4E34C6DB4}.Debug|Any CPU.ActiveCfg = Debug|Any CPU
		{F6B592F2-8476-46C9-A9DE-B3C4E34C6DB4}.Debug|Any CPU.Build.0 = Debug|Any CPU
		{F6B592F2-8476-46C9-A9DE-B3C4E34C6DB4}.Release|Any CPU.ActiveCfg = Release|Any CPU
		{F6B592F2-8476-46C9-A9DE-B3C4E34C6DB4}.Release|Any CPU.Build.0 = Release|Any CPU
		{735644E7-EE26-42F4-929B-289B669E225F}.Debug|Any CPU.ActiveCfg = Debug|Any CPU
		{735644E7-EE26-42F4-929B-289B669E225F}.Debug|Any CPU.Build.0 = Debug|Any CPU
		{735644E7-EE26-42F4-929B-289B669E225F}.Release|Any CPU.ActiveCfg = Release|Any CPU
		{735644E7-EE26-42F4-929B-289B669E225F}.Release|Any CPU.Build.0 = Release|Any CPU
		{0D763CE0-CD45-4A69-9208-4FC1488AAB2D}.Debug|Any CPU.ActiveCfg = Debug|Any CPU
		{0D763CE0-CD45-4A69-9208-4FC1488AAB2D}.Debug|Any CPU.Build.0 = Debug|Any CPU
		{0D763CE0-CD45-4A69-9208-4FC1488AAB2D}.Release|Any CPU.ActiveCfg = Release|Any CPU
		{0D763CE0-CD45-4A69-9208-4FC1488AAB2D}.Release|Any CPU.Build.0 = Release|Any CPU
		{46310B6A-0C47-49D9-9D52-E38F08CE5074}.Debug|Any CPU.ActiveCfg = Debug|Any CPU
		{46310B6A-0C47-49D9-9D52-E38F08CE5074}.Debug|Any CPU.Build.0 = Debug|Any CPU
		{46310B6A-0C47-49D9-9D52-E38F08CE5074}.Release|Any CPU.ActiveCfg = Release|Any CPU
		{46310B6A-0C47-49D9-9D52-E38F08CE5074}.Release|Any CPU.Build.0 = Release|Any CPU
		{3084D9DC-8C18-4818-A48E-EB4CB3BED396}.Debug|Any CPU.ActiveCfg = Debug|Any CPU
		{3084D9DC-8C18-4818-A48E-EB4CB3BED396}.Debug|Any CPU.Build.0 = Debug|Any CPU
		{3084D9DC-8C18-4818-A48E-EB4CB3BED396}.Release|Any CPU.ActiveCfg = Release|Any CPU
		{3084D9DC-8C18-4818-A48E-EB4CB3BED396}.Release|Any CPU.Build.0 = Release|Any CPU
		{DCD66737-C45C-4516-AA0F-3CF779C444B5}.Debug|Any CPU.ActiveCfg = Debug|Any CPU
		{DCD66737-C45C-4516-AA0F-3CF779C444B5}.Debug|Any CPU.Build.0 = Debug|Any CPU
		{DCD66737-C45C-4516-AA0F-3CF779C444B5}.Release|Any CPU.ActiveCfg = Release|Any CPU
		{DCD66737-C45C-4516-AA0F-3CF779C444B5}.Release|Any CPU.Build.0 = Release|Any CPU
		{D5B06ABB-8F6B-4D67-A277-3FF6CAD5B55D}.Debug|Any CPU.ActiveCfg = Debug|Any CPU
		{D5B06ABB-8F6B-4D67-A277-3FF6CAD5B55D}.Debug|Any CPU.Build.0 = Debug|Any CPU
		{D5B06ABB-8F6B-4D67-A277-3FF6CAD5B55D}.Release|Any CPU.ActiveCfg = Release|Any CPU
		{D5B06ABB-8F6B-4D67-A277-3FF6CAD5B55D}.Release|Any CPU.Build.0 = Release|Any CPU
		{815912DB-41CD-497D-B8C1-EEC8189E5D45}.Debug|Any CPU.ActiveCfg = Debug|Any CPU
		{815912DB-41CD-497D-B8C1-EEC8189E5D45}.Debug|Any CPU.Build.0 = Debug|Any CPU
		{815912DB-41CD-497D-B8C1-EEC8189E5D45}.Release|Any CPU.ActiveCfg = Release|Any CPU
		{815912DB-41CD-497D-B8C1-EEC8189E5D45}.Release|Any CPU.Build.0 = Release|Any CPU
		{B9065FFA-EEBC-47E5-A8C7-D0A19A01A610}.Debug|Any CPU.ActiveCfg = Debug|Any CPU
		{B9065FFA-EEBC-47E5-A8C7-D0A19A01A610}.Debug|Any CPU.Build.0 = Debug|Any CPU
		{B9065FFA-EEBC-47E5-A8C7-D0A19A01A610}.Release|Any CPU.ActiveCfg = Release|Any CPU
		{B9065FFA-EEBC-47E5-A8C7-D0A19A01A610}.Release|Any CPU.Build.0 = Release|Any CPU
	EndGlobalSection
	GlobalSection(SolutionProperties) = preSolution
		HideSolutionNode = FALSE
	EndGlobalSection
	GlobalSection(ExtensibilityGlobals) = postSolution
		SolutionGuid = {B928828B-8754-4BDE-B2F6-50A16018C0CB}
	EndGlobalSection
EndGlobal
